
Microsoft Visual Studio Solution File, Format Version 12.00
Project("{FAE04EC0-301F-11D3-BF4B-00C04F79EFBC}") = "vicr123-accounts-fido", "vicr123-accounts-fido.csproj", "{B42351C3-5AFF-490F-B470-8ED54C192DD9}"
EndProject
Global
	GlobalSection(SolutionConfigurationPlatforms) = preSolution
		Debug|Any CPU = Debug|Any CPU
		Release|Any CPU = Release|Any CPU
	EndGlobalSection
	GlobalSection(ProjectConfigurationPlatforms) = postSolution
		{B42351C3-5AFF-490F-B470-8ED54C192DD9}.Debug|Any CPU.ActiveCfg = Debug|Any CPU
		{B42351C3-5AFF-490F-B470-8ED54C192DD9}.Debug|Any CPU.Build.0 = Debug|Any CPU
		{B42351C3-5AFF-490F-B470-8ED54C192DD9}.Release|Any CPU.ActiveCfg = Release|Any CPU
		{B42351C3-5AFF-490F-B470-8ED54C192DD9}.Release|Any CPU.Build.0 = Release|Any CPU
	EndGlobalSection
EndGlobal
